
Microsoft Visual Studio Solution File, Format Version 12.00
# Visual Studio 15
VisualStudioVersion = 15.0.27428.2037
MinimumVisualStudioVersion = 10.0.40219.1
Project("{FAE04EC0-301F-11D3-BF4B-00C04F79EFBC}") = "Orbital7.PayJunctionApi", "Orbital7.PayJunctionApi\Orbital7.PayJunctionApi.csproj", "{9316F8B6-9763-42C8-8015-917C54987BFE}"
EndProject
Global
	GlobalSection(SolutionConfigurationPlatforms) = preSolution
		Debug|Any CPU = Debug|Any CPU
		Release|Any CPU = Release|Any CPU
	EndGlobalSection
	GlobalSection(ProjectConfigurationPlatforms) = postSolution
		{9316F8B6-9763-42C8-8015-917C54987BFE}.Debug|Any CPU.ActiveCfg = Debug|Any CPU
		{9316F8B6-9763-42C8-8015-917C54987BFE}.Debug|Any CPU.Build.0 = Debug|Any CPU
		{9316F8B6-9763-42C8-8015-917C54987BFE}.Release|Any CPU.ActiveCfg = Release|Any CPU
		{9316F8B6-9763-42C8-8015-917C54987BFE}.Release|Any CPU.Build.0 = Release|Any CPU
	EndGlobalSection
	GlobalSection(SolutionProperties) = preSolution
		HideSolutionNode = FALSE
	EndGlobalSection
	GlobalSection(ExtensibilityGlobals) = postSolution
		SolutionGuid = {6B95F847-17C4-46B2-AC12-717C25D5EE87}
	EndGlobalSection
EndGlobal
